// !$*UTF8*$!
{
	archiveVersion = 1;
	classes = {
	};
	objectVersion = 42;
	objects = {

/* Begin PBXAggregateTarget section */
		0A556A1C0F60AB3000DA3B3A /* YubNubSearch Archive */ = {
			isa = PBXAggregateTarget;
			buildConfigurationList = 0A556A2E0F60AB7300DA3B3A /* Build configuration list for PBXAggregateTarget "YubNubSearch Archive" */;
			buildPhases = (
				0A556A1B0F60AB3000DA3B3A /* CopyFiles */,
				0A556A5A0F60ACAD00DA3B3A /* Copy README.html */,
				0A556B480F60B77500DA3B3A /* Copy src */,
				0A556BBC0F60BCF500DA3B3A /* Create Archive */,
			);
			dependencies = (
				0A556A200F60AB3700DA3B3A /* PBXTargetDependency */,
			);
			name = "YubNubSearch Archive";
			productName = "YubNubSearch Archive";
		};
/* End PBXAggregateTarget section */

/* Begin PBXBuildFile section */
		0A538FA90B3E844200642847 /* MethodSwizzle.m in Sources */ = {isa = PBXBuildFile; fileRef = 0A538F3F0B3E79E100642847 /* MethodSwizzle.m */; };
		0A556A230F60AB5400DA3B3A /* YubNubSearch.bundle in CopyFiles */ = {isa = PBXBuildFile; fileRef = 8D5B49B6048680CD000E48DA /* YubNubSearch.bundle */; };
		0A556B440F60B76300DA3B3A /* SIMBL.webloc in CopyFiles */ = {isa = PBXBuildFile; fileRef = 0A556B430F60B76300DA3B3A /* SIMBL.webloc */; };
		0ADCAF800B09227D0065AEEB /* YubNubSearch.m in Sources */ = {isa = PBXBuildFile; fileRef = 0ADCAF7F0B09227D0065AEEB /* YubNubSearch.m */; };
		8D5B49B0048680CD000E48DA /* InfoPlist.strings in Resources */ = {isa = PBXBuildFile; fileRef = 089C167DFE841241C02AAC07 /* InfoPlist.strings */; };
		8D5B49B4048680CD000E48DA /* Cocoa.framework in Frameworks */ = {isa = PBXBuildFile; fileRef = 1058C7ADFEA557BF11CA2CBB /* Cocoa.framework */; };
/* End PBXBuildFile section */

/* Begin PBXContainerItemProxy section */
		0A556A1F0F60AB3700DA3B3A /* PBXContainerItemProxy */ = {
			isa = PBXContainerItemProxy;
			containerPortal = 089C1669FE841209C02AAC07 /* Project object */;
			proxyType = 1;
			remoteGlobalIDString = 8D5B49AC048680CD000E48DA;
			remoteInfo = YubNubSearch;
		};
/* End PBXContainerItemProxy section */

/* Begin PBXCopyFilesBuildPhase section */
		0A556A1B0F60AB3000DA3B3A /* CopyFiles */ = {
			isa = PBXCopyFilesBuildPhase;
			buildActionMask = 2147483647;
			dstPath = "$(PRODUCT_NAME)";
			dstSubfolderSpec = 16;
			files = (
				0A556A230F60AB5400DA3B3A /* YubNubSearch.bundle in CopyFiles */,
				0A556B440F60B76300DA3B3A /* SIMBL.webloc in CopyFiles */,
			);
			runOnlyForDeploymentPostprocessing = 0;
		};
/* End PBXCopyFilesBuildPhase section */

/* Begin PBXFileReference section */
		089C1672FE841209C02AAC07 /* Foundation.framework */ = {isa = PBXFileReference; lastKnownFileType = wrapper.framework; name = Foundation.framework; path = /System/Library/Frameworks/Foundation.framework; sourceTree = "<absolute>"; };
		089C167EFE841241C02AAC07 /* English */ = {isa = PBXFileReference; fileEncoding = 10; lastKnownFileType = text.plist.strings; name = English; path = English.lproj/InfoPlist.strings; sourceTree = "<group>"; };
		089C167FFE841241C02AAC07 /* AppKit.framework */ = {isa = PBXFileReference; lastKnownFileType = wrapper.framework; name = AppKit.framework; path = /System/Library/Frameworks/AppKit.framework; sourceTree = "<absolute>"; };
		0A538F3F0B3E79E100642847 /* MethodSwizzle.m */ = {isa = PBXFileReference; fileEncoding = 4; lastKnownFileType = sourcecode.c.objc; path = MethodSwizzle.m; sourceTree = "<group>"; };
		0A538F420B3E79ED00642847 /* MethodSwizzle.h */ = {isa = PBXFileReference; fileEncoding = 4; lastKnownFileType = sourcecode.c.h; path = MethodSwizzle.h; sourceTree = "<group>"; };
		0A556B430F60B76300DA3B3A /* SIMBL.webloc */ = {isa = PBXFileReference; fileEncoding = 4; lastKnownFileType = text; path = SIMBL.webloc; sourceTree = "<group>"; };
		0AB48A020C50CD5E00154D1C /* README.markdown */ = {isa = PBXFileReference; fileEncoding = 4; lastKnownFileType = text; path = README.markdown; sourceTree = "<group>"; };
		0ADCAF7E0B09227D0065AEEB /* YubNubSearch.h */ = {isa = PBXFileReference; fileEncoding = 4; lastKnownFileType = sourcecode.c.h; path = YubNubSearch.h; sourceTree = "<group>"; };
		0ADCAF7F0B09227D0065AEEB /* YubNubSearch.m */ = {isa = PBXFileReference; fileEncoding = 4; lastKnownFileType = sourcecode.c.objc; path = YubNubSearch.m; sourceTree = "<group>"; };
		1058C7ADFEA557BF11CA2CBB /* Cocoa.framework */ = {isa = PBXFileReference; lastKnownFileType = wrapper.framework; name = Cocoa.framework; path = /System/Library/Frameworks/Cocoa.framework; sourceTree = "<absolute>"; };
		32DBCF630370AF2F00C91783 /* YubNubSearch_Prefix.pch */ = {isa = PBXFileReference; fileEncoding = 4; lastKnownFileType = sourcecode.c.h; path = YubNubSearch_Prefix.pch; sourceTree = "<group>"; };
		8D5B49B6048680CD000E48DA /* YubNubSearch.bundle */ = {isa = PBXFileReference; explicitFileType = wrapper.cfbundle; includeInIndex = 0; path = YubNubSearch.bundle; sourceTree = BUILT_PRODUCTS_DIR; };
		8D5B49B7048680CD000E48DA /* Info.plist */ = {isa = PBXFileReference; fileEncoding = 4; lastKnownFileType = text.plist.xml; path = Info.plist; sourceTree = "<group>"; };
		D2F7E65807B2D6F200F64583 /* CoreData.framework */ = {isa = PBXFileReference; lastKnownFileType = wrapper.framework; name = CoreData.framework; path = /System/Library/Frameworks/CoreData.framework; sourceTree = "<absolute>"; };
/* End PBXFileReference section */

/* Begin PBXFrameworksBuildPhase section */
		8D5B49B3048680CD000E48DA /* Frameworks */ = {
			isa = PBXFrameworksBuildPhase;
			buildActionMask = 2147483647;
			files = (
				8D5B49B4048680CD000E48DA /* Cocoa.framework in Frameworks */,
			);
			runOnlyForDeploymentPostprocessing = 0;
		};
/* End PBXFrameworksBuildPhase section */

/* Begin PBXGroup section */
		089C166AFE841209C02AAC07 /* YubNubSearch */ = {
			isa = PBXGroup;
			children = (
				08FB77AFFE84173DC02AAC07 /* Classes */,
				32C88E010371C26100C91783 /* Other Sources */,
				089C167CFE841241C02AAC07 /* Resources */,
				0A556B420F60B75300DA3B3A /* Archive Resources */,
				089C1671FE841209C02AAC07 /* Frameworks and Libraries */,
				19C28FB8FE9D52D311CA2CBB /* Products */,
			);
			name = YubNubSearch;
			sourceTree = "<group>";
		};
		089C1671FE841209C02AAC07 /* Frameworks and Libraries */ = {
			isa = PBXGroup;
			children = (
				1058C7ACFEA557BF11CA2CBB /* Linked Frameworks */,
				1058C7AEFEA557BF11CA2CBB /* Other Frameworks */,
			);
			name = "Frameworks and Libraries";
			sourceTree = "<group>";
		};
		089C167CFE841241C02AAC07 /* Resources */ = {
			isa = PBXGroup;
			children = (
				8D5B49B7048680CD000E48DA /* Info.plist */,
				089C167DFE841241C02AAC07 /* InfoPlist.strings */,
				0AB48A020C50CD5E00154D1C /* README.markdown */,
			);
			name = Resources;
			sourceTree = "<group>";
		};
		08FB77AFFE84173DC02AAC07 /* Classes */ = {
			isa = PBXGroup;
			children = (
				0ADCAF7E0B09227D0065AEEB /* YubNubSearch.h */,
				0ADCAF7F0B09227D0065AEEB /* YubNubSearch.m */,
				0A538F420B3E79ED00642847 /* MethodSwizzle.h */,
				0A538F3F0B3E79E100642847 /* MethodSwizzle.m */,
			);
			name = Classes;
			sourceTree = "<group>";
		};
		0A556B420F60B75300DA3B3A /* Archive Resources */ = {
			isa = PBXGroup;
			children = (
				0A556B430F60B76300DA3B3A /* SIMBL.webloc */,
			);
			name = "Archive Resources";
			sourceTree = "<group>";
		};
		1058C7ACFEA557BF11CA2CBB /* Linked Frameworks */ = {
			isa = PBXGroup;
			children = (
				1058C7ADFEA557BF11CA2CBB /* Cocoa.framework */,
			);
			name = "Linked Frameworks";
			sourceTree = "<group>";
		};
		1058C7AEFEA557BF11CA2CBB /* Other Frameworks */ = {
			isa = PBXGroup;
			children = (
				089C167FFE841241C02AAC07 /* AppKit.framework */,
				D2F7E65807B2D6F200F64583 /* CoreData.framework */,
				089C1672FE841209C02AAC07 /* Foundation.framework */,
			);
			name = "Other Frameworks";
			sourceTree = "<group>";
		};
		19C28FB8FE9D52D311CA2CBB /* Products */ = {
			isa = PBXGroup;
			children = (
				8D5B49B6048680CD000E48DA /* YubNubSearch.bundle */,
			);
			name = Products;
			sourceTree = "<group>";
		};
		32C88E010371C26100C91783 /* Other Sources */ = {
			isa = PBXGroup;
			children = (
				32DBCF630370AF2F00C91783 /* YubNubSearch_Prefix.pch */,
			);
			name = "Other Sources";
			sourceTree = "<group>";
		};
/* End PBXGroup section */

/* Begin PBXNativeTarget section */
		8D5B49AC048680CD000E48DA /* YubNubSearch */ = {
			isa = PBXNativeTarget;
			buildConfigurationList = 1DEB913A08733D840010E9CD /* Build configuration list for PBXNativeTarget "YubNubSearch" */;
			buildPhases = (
				8D5B49AF048680CD000E48DA /* Resources */,
				8D5B49B1048680CD000E48DA /* Sources */,
				8D5B49B3048680CD000E48DA /* Frameworks */,
				0AB48A150C50CF1800154D1C /* Process README.markdown */,
				0A556A690F60AD0900DA3B3A /* Copy README.html */,
			);
			buildRules = (
			);
			dependencies = (
			);
			name = YubNubSearch;
			productInstallPath = "$(HOME)/Library/Bundles";
			productName = YubNubSearch;
			productReference = 8D5B49B6048680CD000E48DA /* YubNubSearch.bundle */;
			productType = "com.apple.product-type.bundle";
		};
/* End PBXNativeTarget section */

/* Begin PBXProject section */
		089C1669FE841209C02AAC07 /* Project object */ = {
			isa = PBXProject;
			buildConfigurationList = 1DEB913E08733D840010E9CD /* Build configuration list for PBXProject "YubNubSearch" */;
			compatibilityVersion = "Xcode 2.4";
			hasScannedForEncodings = 1;
			mainGroup = 089C166AFE841209C02AAC07 /* YubNubSearch */;
			projectDirPath = "";
			projectRoot = "";
			targets = (
				8D5B49AC048680CD000E48DA /* YubNubSearch */,
				0A556A1C0F60AB3000DA3B3A /* YubNubSearch Archive */,
			);
		};
/* End PBXProject section */

/* Begin PBXResourcesBuildPhase section */
		8D5B49AF048680CD000E48DA /* Resources */ = {
			isa = PBXResourcesBuildPhase;
			buildActionMask = 2147483647;
			files = (
				8D5B49B0048680CD000E48DA /* InfoPlist.strings in Resources */,
			);
			runOnlyForDeploymentPostprocessing = 0;
		};
/* End PBXResourcesBuildPhase section */

/* Begin PBXShellScriptBuildPhase section */
		0A556A5A0F60ACAD00DA3B3A /* Copy README.html */ = {
			isa = PBXShellScriptBuildPhase;
			buildActionMask = 2147483647;
			files = (
			);
			inputPaths = (
				"$(BUILT_PRODUCTS_DIR)/$(PRODUCT_NAME)/YubNubSearch.bundle/Contents/Resources/README.html",
			);
			name = "Copy README.html";
			outputPaths = (
				"$(BUILT_PRODUCTS_DIR)/$(PRODUCT_NAME)/README.html",
			);
			runOnlyForDeploymentPostprocessing = 0;
			shellPath = /bin/sh;
			shellScript = "ditto \"$SCRIPT_INPUT_FILE_0\" \"$SCRIPT_OUTPUT_FILE_0\"";
			showEnvVarsInLog = 0;
		};
		0A556A690F60AD0900DA3B3A /* Copy README.html */ = {
			isa = PBXShellScriptBuildPhase;
			buildActionMask = 2147483647;
			files = (
			);
			inputPaths = (
				"$(DERIVED_SOURCES_DIR)/README.html",
			);
			name = "Copy README.html";
			outputPaths = (
				"$(BUILT_PRODUCTS_DIR)/$(UNLOCALIZED_RESOURCES_FOLDER_PATH)/README.html",
			);
			runOnlyForDeploymentPostprocessing = 0;
			shellPath = /bin/sh;
			shellScript = "ditto \"$SCRIPT_INPUT_FILE_0\" \"$SCRIPT_OUTPUT_FILE_0\"";
			showEnvVarsInLog = 0;
		};
		0A556B480F60B77500DA3B3A /* Copy src */ = {
			isa = PBXShellScriptBuildPhase;
			buildActionMask = 2147483647;
			files = (
			);
			inputPaths = (
				"$(SRCROOT)",
			);
			name = "Copy src";
			outputPaths = (
				"$(BUILT_PRODUCTS_DIR)/$(PRODUCT_NAME)/src",
			);
			runOnlyForDeploymentPostprocessing = 0;
			shellPath = /bin/sh;
			shellScript = "rsync -av --delete --delete-excluded -C --exclude=.git/ --include='*.xcodeproj/project.pbxproj' --exclude='*.xcodeproj/*' \"$SCRIPT_INPUT_FILE_0\"/ \"$SCRIPT_OUTPUT_FILE_0\"/";
			showEnvVarsInLog = 0;
		};
		0A556BBC0F60BCF500DA3B3A /* Create Archive */ = {
			isa = PBXShellScriptBuildPhase;
			buildActionMask = 2147483647;
			files = (
			);
			inputPaths = (
			);
			name = "Create Archive";
			outputPaths = (
			);
			runOnlyForDeploymentPostprocessing = 0;
			shellPath = /bin/sh;
			shellScript = "set -e\n\nexport GIT_DIR=\"$SRCROOT/.git\"\nexport GIT_WORK_TREE=\"$SRCROOT\"\n\n# calculate the proper archive suffix\nDESCRIBE=`git describe --match='v[0-9]*' --always`\nSUFFIX=\"${DESCRIBE#v}\"\n\nINPUT_FILE=\"${BUILT_PRODUCTS_DIR}/${PRODUCT_NAME}\"\nOUTPUT_FILE=\"${BUILT_PRODUCTS_DIR}/${PRODUCT_NAME}-${SUFFIX}.${WRAPPER_EXTENSION}\"\n\necho \"Creating archive $OUTPUT_FILE\"\ntar -C \"$(dirname \"$INPUT_FILE\")\" -czf \"$OUTPUT_FILE\" \"$(basename \"$INPUT_FILE\")\"\n\nrm -rf \"$INPUT_FILE\"";
		};
		0AB48A150C50CF1800154D1C /* Process README.markdown */ = {
			isa = PBXShellScriptBuildPhase;
			buildActionMask = 2147483647;
			files = (
			);
			inputPaths = (
				"$(SRCROOT)/README.markdown",
			);
			name = "Process README.markdown";
			outputPaths = (
				"$(DERIVED_SOURCES_DIR)/README.html",
			);
			runOnlyForDeploymentPostprocessing = 0;
			shellPath = /bin/sh;
			shellScript = "set -e\ncat <<EOF > \"$SCRIPT_OUTPUT_FILE_0\"\n<!DOCTYPE html PUBLIC \"-//W3C//DTD XHTML 1.0 Transitional//EN\"\n    \"http://www.w3.org/TR/xhtml1/DTD/xhtml1-transitional.dtd\">\n<html>\n<head>\n<title>YubNubSearch</title>\n</head>\n<body>\nEOF\nperl ${SRCROOT}/Markdown.pl \"$SCRIPT_INPUT_FILE_0\" >> \"$SCRIPT_OUTPUT_FILE_0\"\ncat <<EOF >> \"$SCRIPT_OUTPUT_FILE_0\"\n</body>\n</html>\nEOF";
			showEnvVarsInLog = 0;
		};
/* End PBXShellScriptBuildPhase section */

/* Begin PBXSourcesBuildPhase section */
		8D5B49B1048680CD000E48DA /* Sources */ = {
			isa = PBXSourcesBuildPhase;
			buildActionMask = 2147483647;
			files = (
				0ADCAF800B09227D0065AEEB /* YubNubSearch.m in Sources */,
				0A538FA90B3E844200642847 /* MethodSwizzle.m in Sources */,
			);
			runOnlyForDeploymentPostprocessing = 0;
		};
/* End PBXSourcesBuildPhase section */

/* Begin PBXTargetDependency section */
		0A556A200F60AB3700DA3B3A /* PBXTargetDependency */ = {
			isa = PBXTargetDependency;
			target = 8D5B49AC048680CD000E48DA /* YubNubSearch */;
			targetProxy = 0A556A1F0F60AB3700DA3B3A /* PBXContainerItemProxy */;
		};
/* End PBXTargetDependency section */

/* Begin PBXVariantGroup section */
		089C167DFE841241C02AAC07 /* InfoPlist.strings */ = {
			isa = PBXVariantGroup;
			children = (
				089C167EFE841241C02AAC07 /* English */,
			);
			name = InfoPlist.strings;
			sourceTree = "<group>";
		};
/* End PBXVariantGroup section */

/* Begin XCBuildConfiguration section */
		0A556A1D0F60AB3100DA3B3A /* Debug */ = {
			isa = XCBuildConfiguration;
			buildSettings = {
				COPY_PHASE_STRIP = NO;
				GCC_DYNAMIC_NO_PIC = NO;
				GCC_OPTIMIZATION_LEVEL = 0;
				PRODUCT_NAME = YubNubSearch;
				WRAPPER_EXTENSION = tgz;
			};
			name = Debug;
		};
		0A556A1E0F60AB3100DA3B3A /* Release */ = {
			isa = XCBuildConfiguration;
			buildSettings = {
				COPY_PHASE_STRIP = YES;
				DEBUG_INFORMATION_FORMAT = "dwarf-with-dsym";
				GCC_ENABLE_FIX_AND_CONTINUE = NO;
				PRODUCT_NAME = YubNubSearch;
				WRAPPER_EXTENSION = tgz;
				ZERO_LINK = NO;
			};
			name = Release;
		};
		1DEB913B08733D840010E9CD /* Debug */ = {
			isa = XCBuildConfiguration;
			buildSettings = {
				COPY_PHASE_STRIP = NO;
				GCC_DYNAMIC_NO_PIC = NO;
				GCC_ENABLE_FIX_AND_CONTINUE = YES;
				GCC_MODEL_TUNING = G5;
				GCC_OPTIMIZATION_LEVEL = 0;
				GCC_PRECOMPILE_PREFIX_HEADER = YES;
				GCC_PREFIX_HEADER = YubNubSearch_Prefix.pch;
				INFOPLIST_FILE = Info.plist;
				INSTALL_PATH = "/Library/Application Support/SIMBL/Plugins";
				PRODUCT_NAME = YubNubSearch;
				WRAPPER_EXTENSION = bundle;
			};
			name = Debug;
		};
		1DEB913C08733D840010E9CD /* Release */ = {
			isa = XCBuildConfiguration;
			buildSettings = {
				ARCHS = (
					ppc,
					i386,
				);
				GCC_GENERATE_DEBUGGING_SYMBOLS = NO;
				GCC_MODEL_TUNING = G5;
				GCC_PRECOMPILE_PREFIX_HEADER = YES;
				GCC_PREFIX_HEADER = YubNubSearch_Prefix.pch;
				INFOPLIST_FILE = Info.plist;
				INSTALL_PATH = "/Library/Application Support/SIMBL/Plugins";
				PRODUCT_NAME = YubNubSearch;
				WRAPPER_EXTENSION = bundle;
			};
			name = Release;
		};
		1DEB913F08733D840010E9CD /* Debug */ = {
			isa = XCBuildConfiguration;
			buildSettings = {
				GCC_WARN_ABOUT_RETURN_TYPE = YES;
				GCC_WARN_UNUSED_VARIABLE = YES;
				PREBINDING = NO;
				SDKROOT = /Developer/SDKs/MacOSX10.4u.sdk;
			};
			name = Debug;
		};
		1DEB914008733D840010E9CD /* Release */ = {
			isa = XCBuildConfiguration;
			buildSettings = {
				GCC_WARN_ABOUT_RETURN_TYPE = YES;
				GCC_WARN_UNUSED_VARIABLE = YES;
				PREBINDING = NO;
				SDKROOT = /Developer/SDKs/MacOSX10.4u.sdk;
			};
			name = Release;
		};
/* End XCBuildConfiguration section */

/* Begin XCConfigurationList section */
		0A556A2E0F60AB7300DA3B3A /* Build configuration list for PBXAggregateTarget "YubNubSearch Archive" */ = {
			isa = XCConfigurationList;
			buildConfigurations = (
				0A556A1D0F60AB3100DA3B3A /* Debug */,
				0A556A1E0F60AB3100DA3B3A /* Release */,
			);
			defaultConfigurationIsVisible = 0;
			defaultConfigurationName = Release;
		};
		1DEB913A08733D840010E9CD /* Build configuration list for PBXNativeTarget "YubNubSearch" */ = {
			isa = XCConfigurationList;
			buildConfigurations = (
				1DEB913B08733D840010E9CD /* Debug */,
				1DEB913C08733D840010E9CD /* Release */,
			);
			defaultConfigurationIsVisible = 0;
			defaultConfigurationName = Release;
		};
		1DEB913E08733D840010E9CD /* Build configuration list for PBXProject "YubNubSearch" */ = {
			isa = XCConfigurationList;
			buildConfigurations = (
				1DEB913F08733D840010E9CD /* Debug */,
				1DEB914008733D840010E9CD /* Release */,
			);
			defaultConfigurationIsVisible = 0;
			defaultConfigurationName = Release;
		};
/* End XCConfigurationList section */
	};
	rootObject = 089C1669FE841209C02AAC07 /* Project object */;
}
